
Microsoft Visual Studio Solution File, Format Version 12.00
# Visual Studio 2012
Project("{FAE04EC0-301F-11D3-BF4B-00C04F79EFBC}") = "PublicWebSms", "PublicWebSms\PublicWebSms.csproj", "{746970B1-08E4-4A98-84E9-FEC161616E8A}"
EndProject
Project("{2150E333-8FDC-42A3-9474-1A3956D46DE8}") = ".nuget", ".nuget", "{3461DBA1-9995-4983-B320-3552B27F1315}"
	ProjectSection(SolutionItems) = preProject
		.nuget\packages.config = .nuget\packages.config
	EndProjectSection
EndProject
Project("{888888A0-9F3D-457C-B088-3A5042F75D52}") = "PWS-Backend", "PWS-Backend\PWS-Backend.pyproj", "{749EB664-99AE-452C-A613-D87AF4B3C3C9}"
EndProject
Global
	GlobalSection(SolutionConfigurationPlatforms) = preSolution
		Debug|Any CPU = Debug|Any CPU
		Release|Any CPU = Release|Any CPU
	EndGlobalSection
	GlobalSection(ProjectConfigurationPlatforms) = postSolution
		{746970B1-08E4-4A98-84E9-FEC161616E8A}.Debug|Any CPU.ActiveCfg = Debug|Any CPU
		{746970B1-08E4-4A98-84E9-FEC161616E8A}.Debug|Any CPU.Build.0 = Debug|Any CPU
		{746970B1-08E4-4A98-84E9-FEC161616E8A}.Release|Any CPU.ActiveCfg = Release|Any CPU
		{746970B1-08E4-4A98-84E9-FEC161616E8A}.Release|Any CPU.Build.0 = Release|Any CPU
		{749EB664-99AE-452C-A613-D87AF4B3C3C9}.Debug|Any CPU.ActiveCfg = Debug|Any CPU
		{749EB664-99AE-452C-A613-D87AF4B3C3C9}.Debug|Any CPU.Build.0 = Debug|Any CPU
		{749EB664-99AE-452C-A613-D87AF4B3C3C9}.Release|Any CPU.ActiveCfg = Release|Any CPU
		{749EB664-99AE-452C-A613-D87AF4B3C3C9}.Release|Any CPU.Build.0 = Release|Any CPU
	EndGlobalSection
	GlobalSection(SolutionProperties) = preSolution
		HideSolutionNode = FALSE
	EndGlobalSection
EndGlobal
